// !$*UTF8*$!
{
	archiveVersion = 1;
	classes = {
	};
	objectVersion = 46;
	objects = {

/* Begin PBXBuildFile section */
		EF2DAE431EFAEBB00013D442 /* AppDelegate.swift in Sources */ = {isa = PBXBuildFile; fileRef = EF2DAE421EFAEBB00013D442 /* AppDelegate.swift */; };
		EF2DAE451EFAEBB00013D442 /* ViewController.swift in Sources */ = {isa = PBXBuildFile; fileRef = EF2DAE441EFAEBB00013D442 /* ViewController.swift */; };
		EF2DAE481EFAEBB00013D442 /* Main.storyboard in Resources */ = {isa = PBXBuildFile; fileRef = EF2DAE461EFAEBB00013D442 /* Main.storyboard */; };
		EF2DAE4A1EFAEBB00013D442 /* Assets.xcassets in Resources */ = {isa = PBXBuildFile; fileRef = EF2DAE491EFAEBB00013D442 /* Assets.xcassets */; };
		EF2DAE4D1EFAEBB00013D442 /* LaunchScreen.storyboard in Resources */ = {isa = PBXBuildFile; fileRef = EF2DAE4B1EFAEBB00013D442 /* LaunchScreen.storyboard */; };
		EF2DAE581EFAEBB10013D442 /* TumblrTests.swift in Sources */ = {isa = PBXBuildFile; fileRef = EF2DAE571EFAEBB10013D442 /* TumblrTests.swift */; };
		EF2DAE631EFAEBB10013D442 /* TumblrUITests.swift in Sources */ = {isa = PBXBuildFile; fileRef = EF2DAE621EFAEBB10013D442 /* TumblrUITests.swift */; };
/* End PBXBuildFile section */

/* Begin PBXContainerItemProxy section */
		EF2DAE541EFAEBB10013D442 /* PBXContainerItemProxy */ = {
			isa = PBXContainerItemProxy;
			containerPortal = EF2DAE371EFAEBB00013D442 /* Project object */;
			proxyType = 1;
			remoteGlobalIDString = EF2DAE3E1EFAEBB00013D442;
			remoteInfo = Tumblr;
		};
		EF2DAE5F1EFAEBB10013D442 /* PBXContainerItemProxy */ = {
			isa = PBXContainerItemProxy;
			containerPortal = EF2DAE371EFAEBB00013D442 /* Project object */;
			proxyType = 1;
			remoteGlobalIDString = EF2DAE3E1EFAEBB00013D442;
			remoteInfo = Tumblr;
		};
/* End PBXContainerItemProxy section */

/* Begin PBXFileReference section */
		EF2DAE3F1EFAEBB00013D442 /* Tumblr.app */ = {isa = PBXFileReference; explicitFileType = wrapper.application; includeInIndex = 0; path = Tumblr.app; sourceTree = BUILT_PRODUCTS_DIR; };
		EF2DAE421EFAEBB00013D442 /* AppDelegate.swift */ = {isa = PBXFileReference; lastKnownFileType = sourcecode.swift; path = AppDelegate.swift; sourceTree = "<group>"; };
		EF2DAE441EFAEBB00013D442 /* ViewController.swift */ = {isa = PBXFileReference; lastKnownFileType = sourcecode.swift; path = ViewController.swift; sourceTree = "<group>"; };
		EF2DAE471EFAEBB00013D442 /* Base */ = {isa = PBXFileReference; lastKnownFileType = file.storyboard; name = Base; path = Base.lproj/Main.storyboard; sourceTree = "<group>"; };
		EF2DAE491EFAEBB00013D442 /* Assets.xcassets */ = {isa = PBXFileReference; lastKnownFileType = folder.assetcatalog; path = Assets.xcassets; sourceTree = "<group>"; };
		EF2DAE4C1EFAEBB00013D442 /* Base */ = {isa = PBXFileReference; lastKnownFileType = file.storyboard; name = Base; path = Base.lproj/LaunchScreen.storyboard; sourceTree = "<group>"; };
		EF2DAE4E1EFAEBB00013D442 /* Info.plist */ = {isa = PBXFileReference; lastKnownFileType = text.plist.xml; path = Info.plist; sourceTree = "<group>"; };
		EF2DAE531EFAEBB10013D442 /* TumblrTests.xctest */ = {isa = PBXFileReference; explicitFileType = wrapper.cfbundle; includeInIndex = 0; path = TumblrTests.xctest; sourceTree = BUILT_PRODUCTS_DIR; };
		EF2DAE571EFAEBB10013D442 /* TumblrTests.swift */ = {isa = PBXFileReference; lastKnownFileType = sourcecode.swift; path = TumblrTests.swift; sourceTree = "<group>"; };
		EF2DAE591EFAEBB10013D442 /* Info.plist */ = {isa = PBXFileReference; lastKnownFileType = text.plist.xml; path = Info.plist; sourceTree = "<group>"; };
		EF2DAE5E1EFAEBB10013D442 /* TumblrUITests.xctest */ = {isa = PBXFileReference; explicitFileType = wrapper.cfbundle; includeInIndex = 0; path = TumblrUITests.xctest; sourceTree = BUILT_PRODUCTS_DIR; };
		EF2DAE621EFAEBB10013D442 /* TumblrUITests.swift */ = {isa = PBXFileReference; lastKnownFileType = sourcecode.swift; path = TumblrUITests.swift; sourceTree = "<group>"; };
		EF2DAE641EFAEBB10013D442 /* Info.plist */ = {isa = PBXFileReference; lastKnownFileType = text.plist.xml; path = Info.plist; sourceTree = "<group>"; };
/* End PBXFileReference section */

/* Begin PBXFrameworksBuildPhase section */
		EF2DAE3C1EFAEBB00013D442 /* Frameworks */ = {
			isa = PBXFrameworksBuildPhase;
			buildActionMask = 2147483647;
			files = (
			);
			runOnlyForDeploymentPostprocessing = 0;
		};
		EF2DAE501EFAEBB10013D442 /* Frameworks */ = {
			isa = PBXFrameworksBuildPhase;
			buildActionMask = 2147483647;
			files = (
			);
			runOnlyForDeploymentPostprocessing = 0;
		};
		EF2DAE5B1EFAEBB10013D442 /* Frameworks */ = {
			isa = PBXFrameworksBuildPhase;
			buildActionMask = 2147483647;
			files = (
			);
			runOnlyForDeploymentPostprocessing = 0;
		};
/* End PBXFrameworksBuildPhase section */

/* Begin PBXGroup section */
		EF2DAE361EFAEBB00013D442 = {
			isa = PBXGroup;
			children = (
				EF2DAE411EFAEBB00013D442 /* Tumblr */,
				EF2DAE561EFAEBB10013D442 /* TumblrTests */,
				EF2DAE611EFAEBB10013D442 /* TumblrUITests */,
				EF2DAE401EFAEBB00013D442 /* Products */,
			);
			sourceTree = "<group>";
		};
		EF2DAE401EFAEBB00013D442 /* Products */ = {
			isa = PBXGroup;
			children = (
				EF2DAE3F1EFAEBB00013D442 /* Tumblr.app */,
				EF2DAE531EFAEBB10013D442 /* TumblrTests.xctest */,
				EF2DAE5E1EFAEBB10013D442 /* TumblrUITests.xctest */,
			);
			name = Products;
			sourceTree = "<group>";
		};
		EF2DAE411EFAEBB00013D442 /* Tumblr */ = {
			isa = PBXGroup;
			children = (
				EF2DAE421EFAEBB00013D442 /* AppDelegate.swift */,
				EF2DAE441EFAEBB00013D442 /* ViewController.swift */,
				EF2DAE461EFAEBB00013D442 /* Main.storyboard */,
				EF2DAE491EFAEBB00013D442 /* Assets.xcassets */,
				EF2DAE4B1EFAEBB00013D442 /* LaunchScreen.storyboard */,
				EF2DAE4E1EFAEBB00013D442 /* Info.plist */,
			);
			path = Tumblr;
			sourceTree = "<group>";
		};
		EF2DAE561EFAEBB10013D442 /* TumblrTests */ = {
			isa = PBXGroup;
			children = (
				EF2DAE571EFAEBB10013D442 /* TumblrTests.swift */,
				EF2DAE591EFAEBB10013D442 /* Info.plist */,
			);
			path = TumblrTests;
			sourceTree = "<group>";
		};
		EF2DAE611EFAEBB10013D442 /* TumblrUITests */ = {
			isa = PBXGroup;
			children = (
				EF2DAE621EFAEBB10013D442 /* TumblrUITests.swift */,
				EF2DAE641EFAEBB10013D442 /* Info.plist */,
			);
			path = TumblrUITests;
			sourceTree = "<group>";
		};
/* End PBXGroup section */

/* Begin PBXNativeTarget section */
		EF2DAE3E1EFAEBB00013D442 /* Tumblr */ = {
			isa = PBXNativeTarget;
			buildConfigurationList = EF2DAE671EFAEBB10013D442 /* Build configuration list for PBXNativeTarget "Tumblr" */;
			buildPhases = (
				EF2DAE3B1EFAEBB00013D442 /* Sources */,
				EF2DAE3C1EFAEBB00013D442 /* Frameworks */,
				EF2DAE3D1EFAEBB00013D442 /* Resources */,
			);
			buildRules = (
			);
			dependencies = (
			);
			name = Tumblr;
			productName = Tumblr;
			productReference = EF2DAE3F1EFAEBB00013D442 /* Tumblr.app */;
			productType = "com.apple.product-type.application";
		};
		EF2DAE521EFAEBB10013D442 /* TumblrTests */ = {
			isa = PBXNativeTarget;
			buildConfigurationList = EF2DAE6A1EFAEBB10013D442 /* Build configuration list for PBXNativeTarget "TumblrTests" */;
			buildPhases = (
				EF2DAE4F1EFAEBB10013D442 /* Sources */,
				EF2DAE501EFAEBB10013D442 /* Frameworks */,
				EF2DAE511EFAEBB10013D442 /* Resources */,
			);
			buildRules = (
			);
			dependencies = (
				EF2DAE551EFAEBB10013D442 /* PBXTargetDependency */,
			);
			name = TumblrTests;
			productName = TumblrTests;
			productReference = EF2DAE531EFAEBB10013D442 /* TumblrTests.xctest */;
			productType = "com.apple.product-type.bundle.unit-test";
		};
		EF2DAE5D1EFAEBB10013D442 /* TumblrUITests */ = {
			isa = PBXNativeTarget;
			buildConfigurationList = EF2DAE6D1EFAEBB10013D442 /* Build configuration list for PBXNativeTarget "TumblrUITests" */;
			buildPhases = (
				EF2DAE5A1EFAEBB10013D442 /* Sources */,
				EF2DAE5B1EFAEBB10013D442 /* Frameworks */,
				EF2DAE5C1EFAEBB10013D442 /* Resources */,
			);
			buildRules = (
			);
			dependencies = (
				EF2DAE601EFAEBB10013D442 /* PBXTargetDependency */,
			);
			name = TumblrUITests;
			productName = TumblrUITests;
			productReference = EF2DAE5E1EFAEBB10013D442 /* TumblrUITests.xctest */;
			productType = "com.apple.product-type.bundle.ui-testing";
		};
/* End PBXNativeTarget section */

/* Begin PBXProject section */
		EF2DAE371EFAEBB00013D442 /* Project object */ = {
			isa = PBXProject;
			attributes = {
				LastSwiftUpdateCheck = 0830;
				LastUpgradeCheck = 0830;
				ORGANIZATIONNAME = "Rey Oliva";
				TargetAttributes = {
					EF2DAE3E1EFAEBB00013D442 = {
						CreatedOnToolsVersion = 8.3.2;
						ProvisioningStyle = Automatic;
					};
					EF2DAE521EFAEBB10013D442 = {
						CreatedOnToolsVersion = 8.3.2;
						ProvisioningStyle = Automatic;
						TestTargetID = EF2DAE3E1EFAEBB00013D442;
					};
					EF2DAE5D1EFAEBB10013D442 = {
						CreatedOnToolsVersion = 8.3.2;
						ProvisioningStyle = Automatic;
						TestTargetID = EF2DAE3E1EFAEBB00013D442;
					};
				};
			};
			buildConfigurationList = EF2DAE3A1EFAEBB00013D442 /* Build configuration list for PBXProject "Tumblr" */;
			compatibilityVersion = "Xcode 3.2";
			developmentRegion = English;
			hasScannedForEncodings = 0;
			knownRegions = (
				en,
				Base,
			);
			mainGroup = EF2DAE361EFAEBB00013D442;
			productRefGroup = EF2DAE401EFAEBB00013D442 /* Products */;
			projectDirPath = "";
			projectRoot = "";
			targets = (
				EF2DAE3E1EFAEBB00013D442 /* Tumblr */,
				EF2DAE521EFAEBB10013D442 /* TumblrTests */,
				EF2DAE5D1EFAEBB10013D442 /* TumblrUITests */,
			);
		};
/* End PBXProject section */

/* Begin PBXResourcesBuildPhase section */
		EF2DAE3D1EFAEBB00013D442 /* Resources */ = {
			isa = PBXResourcesBuildPhase;
			buildActionMask = 2147483647;
			files = (
				EF2DAE4D1EFAEBB00013D442 /* LaunchScreen.storyboard in Resources */,
				EF2DAE4A1EFAEBB00013D442 /* Assets.xcassets in Resources */,
				EF2DAE481EFAEBB00013D442 /* Main.storyboard in Resources */,
			);
			runOnlyForDeploymentPostprocessing = 0;
		};
		EF2DAE511EFAEBB10013D442 /* Resources */ = {
			isa = PBXResourcesBuildPhase;
			buildActionMask = 2147483647;
			files = (
			);
			runOnlyForDeploymentPostprocessing = 0;
		};
		EF2DAE5C1EFAEBB10013D442 /* Resources */ = {
			isa = PBXResourcesBuildPhase;
			buildActionMask = 2147483647;
			files = (
			);
			runOnlyForDeploymentPostprocessing = 0;
		};
/* End PBXResourcesBuildPhase section */

/* Begin PBXSourcesBuildPhase section */
		EF2DAE3B1EFAEBB00013D442 /* Sources */ = {
			isa = PBXSourcesBuildPhase;
			buildActionMask = 2147483647;
			files = (
				EF2DAE451EFAEBB00013D442 /* ViewController.swift in Sources */,
				EF2DAE431EFAEBB00013D442 /* AppDelegate.swift in Sources */,
			);
			runOnlyForDeploymentPostprocessing = 0;
		};
		EF2DAE4F1EFAEBB10013D442 /* Sources */ = {
			isa = PBXSourcesBuildPhase;
			buildActionMask = 2147483647;
			files = (
				EF2DAE581EFAEBB10013D442 /* TumblrTests.swift in Sources */,
			);
			runOnlyForDeploymentPostprocessing = 0;
		};
		EF2DAE5A1EFAEBB10013D442 /* Sources */ = {
			isa = PBXSourcesBuildPhase;
			buildActionMask = 2147483647;
			files = (
				EF2DAE631EFAEBB10013D442 /* TumblrUITests.swift in Sources */,
			);
			runOnlyForDeploymentPostprocessing = 0;
		};
/* End PBXSourcesBuildPhase section */

/* Begin PBXTargetDependency section */
		EF2DAE551EFAEBB10013D442 /* PBXTargetDependency */ = {
			isa = PBXTargetDependency;
			target = EF2DAE3E1EFAEBB00013D442 /* Tumblr */;
			targetProxy = EF2DAE541EFAEBB10013D442 /* PBXContainerItemProxy */;
		};
		EF2DAE601EFAEBB10013D442 /* PBXTargetDependency */ = {
			isa = PBXTargetDependency;
			target = EF2DAE3E1EFAEBB00013D442 /* Tumblr */;
			targetProxy = EF2DAE5F1EFAEBB10013D442 /* PBXContainerItemProxy */;
		};
/* End PBXTargetDependency section */

/* Begin PBXVariantGroup section */
		EF2DAE461EFAEBB00013D442 /* Main.storyboard */ = {
			isa = PBXVariantGroup;
			children = (
				EF2DAE471EFAEBB00013D442 /* Base */,
			);
			name = Main.storyboard;
			sourceTree = "<group>";
		};
		EF2DAE4B1EFAEBB00013D442 /* LaunchScreen.storyboard */ = {
			isa = PBXVariantGroup;
			children = (
				EF2DAE4C1EFAEBB00013D442 /* Base */,
			);
			name = LaunchScreen.storyboard;
			sourceTree = "<group>";
		};
/* End PBXVariantGroup section */

/* Begin XCBuildConfiguration section */
		EF2DAE651EFAEBB10013D442 /* Debug */ = {
			isa = XCBuildConfiguration;
			buildSettings = {
				ALWAYS_SEARCH_USER_PATHS = NO;
				CLANG_ANALYZER_NONNULL = YES;
				CLANG_ANALYZER_NUMBER_OBJECT_CONVERSION = YES_AGGRESSIVE;
				CLANG_CXX_LANGUAGE_STANDARD = "gnu++0x";
				CLANG_CXX_LIBRARY = "libc++";
				CLANG_ENABLE_MODULES = YES;
				CLANG_ENABLE_OBJC_ARC = YES;
				CLANG_WARN_BOOL_CONVERSION = YES;
				CLANG_WARN_CONSTANT_CONVERSION = YES;
				CLANG_WARN_DIRECT_OBJC_ISA_USAGE = YES_ERROR;
				CLANG_WARN_DOCUMENTATION_COMMENTS = YES;
				CLANG_WARN_EMPTY_BODY = YES;
				CLANG_WARN_ENUM_CONVERSION = YES;
				CLANG_WARN_INFINITE_RECURSION = YES;
				CLANG_WARN_INT_CONVERSION = YES;
				CLANG_WARN_OBJC_ROOT_CLASS = YES_ERROR;
				CLANG_WARN_SUSPICIOUS_MOVE = YES;
				CLANG_WARN_UNREACHABLE_CODE = YES;
				CLANG_WARN__DUPLICATE_METHOD_MATCH = YES;
				"CODE_SIGN_IDENTITY[sdk=iphoneos*]" = "iPhone Developer";
				COPY_PHASE_STRIP = NO;
				DEBUG_INFORMATION_FORMAT = dwarf;
				ENABLE_STRICT_OBJC_MSGSEND = YES;
				ENABLE_TESTABILITY = YES;
				GCC_C_LANGUAGE_STANDARD = gnu99;
				GCC_DYNAMIC_NO_PIC = NO;
				GCC_NO_COMMON_BLOCKS = YES;
				GCC_OPTIMIZATION_LEVEL = 0;
				GCC_PREPROCESSOR_DEFINITIONS = (
					"DEBUG=1",
					"$(inherited)",
				);
				GCC_WARN_64_TO_32_BIT_CONVERSION = YES;
				GCC_WARN_ABOUT_RETURN_TYPE = YES_ERROR;
				GCC_WARN_UNDECLARED_SELECTOR = YES;
				GCC_WARN_UNINITIALIZED_AUTOS = YES_AGGRESSIVE;
				GCC_WARN_UNUSED_FUNCTION = YES;
				GCC_WARN_UNUSED_VARIABLE = YES;
				IPHONEOS_DEPLOYMENT_TARGET = 10.3;
				MTL_ENABLE_DEBUG_INFO = YES;
				ONLY_ACTIVE_ARCH = YES;
				SDKROOT = iphoneos;
				SWIFT_ACTIVE_COMPILATION_CONDITIONS = DEBUG;
				SWIFT_OPTIMIZATION_LEVEL = "-Onone";
			};
			name = Debug;
		};
		EF2DAE661EFAEBB10013D442 /* Release */ = {
			isa = XCBuildConfiguration;
			buildSettings = {
				ALWAYS_SEARCH_USER_PATHS = NO;
				CLANG_ANALYZER_NONNULL = YES;
				CLANG_ANALYZER_NUMBER_OBJECT_CONVERSION = YES_AGGRESSIVE;
				CLANG_CXX_LANGUAGE_STANDARD = "gnu++0x";
				CLANG_CXX_LIBRARY = "libc++";
				CLANG_ENABLE_MODULES = YES;
				CLANG_ENABLE_OBJC_ARC = YES;
				CLANG_WARN_BOOL_CONVERSION = YES;
				CLANG_WARN_CONSTANT_CONVERSION = YES;
				CLANG_WARN_DIRECT_OBJC_ISA_USAGE = YES_ERROR;
				CLANG_WARN_DOCUMENTATION_COMMENTS = YES;
				CLANG_WARN_EMPTY_BODY = YES;
				CLANG_WARN_ENUM_CONVERSION = YES;
				CLANG_WARN_INFINITE_RECURSION = YES;
				CLANG_WARN_INT_CONVERSION = YES;
				CLANG_WARN_OBJC_ROOT_CLASS = YES_ERROR;
				CLANG_WARN_SUSPICIOUS_MOVE = YES;
				CLANG_WARN_UNREACHABLE_CODE = YES;
				CLANG_WARN__DUPLICATE_METHOD_MATCH = YES;
				"CODE_SIGN_IDENTITY[sdk=iphoneos*]" = "iPhone Developer";
				COPY_PHASE_STRIP = NO;
				DEBUG_INFORMATION_FORMAT = "dwarf-with-dsym";
				ENABLE_NS_ASSERTIONS = NO;
				ENABLE_STRICT_OBJC_MSGSEND = YES;
				GCC_C_LANGUAGE_STANDARD = gnu99;
				GCC_NO_COMMON_BLOCKS = YES;
				GCC_WARN_64_TO_32_BIT_CONVERSION = YES;
				GCC_WARN_ABOUT_RETURN_TYPE = YES_ERROR;
				GCC_WARN_UNDECLARED_SELECTOR = YES;
				GCC_WARN_UNINITIALIZED_AUTOS = YES_AGGRESSIVE;
				GCC_WARN_UNUSED_FUNCTION = YES;
				GCC_WARN_UNUSED_VARIABLE = YES;
				IPHONEOS_DEPLOYMENT_TARGET = 10.3;
				MTL_ENABLE_DEBUG_INFO = NO;
				SDKROOT = iphoneos;
				SWIFT_OPTIMIZATION_LEVEL = "-Owholemodule";
				VALIDATE_PRODUCT = YES;
			};
			name = Release;
		};
		EF2DAE681EFAEBB10013D442 /* Debug */ = {
			isa = XCBuildConfiguration;
			buildSettings = {
				ASSETCATALOG_COMPILER_APPICON_NAME = AppIcon;
				INFOPLIST_FILE = Tumblr/Info.plist;
				LD_RUNPATH_SEARCH_PATHS = "$(inherited) @executable_path/Frameworks";
				PRODUCT_BUNDLE_IDENTIFIER = com.rey.Tumblr;
				PRODUCT_NAME = "$(TARGET_NAME)";
				SWIFT_VERSION = 3.0;
			};
			name = Debug;
		};
		EF2DAE691EFAEBB10013D442 /* Release */ = {
			isa = XCBuildConfiguration;
			buildSettings = {
				ASSETCATALOG_COMPILER_APPICON_NAME = AppIcon;
				INFOPLIST_FILE = Tumblr/Info.plist;
				LD_RUNPATH_SEARCH_PATHS = "$(inherited) @executable_path/Frameworks";
				PRODUCT_BUNDLE_IDENTIFIER = com.rey.Tumblr;
				PRODUCT_NAME = "$(TARGET_NAME)";
				SWIFT_VERSION = 3.0;
			};
			name = Release;
		};
		EF2DAE6B1EFAEBB10013D442 /* Debug */ = {
			isa = XCBuildConfiguration;
			buildSettings = {
				ALWAYS_EMBED_SWIFT_STANDARD_LIBRARIES = YES;
				BUNDLE_LOADER = "$(TEST_HOST)";
				INFOPLIST_FILE = TumblrTests/Info.plist;
				LD_RUNPATH_SEARCH_PATHS = "$(inherited) @executable_path/Frameworks @loader_path/Frameworks";
				PRODUCT_BUNDLE_IDENTIFIER = com.rey.TumblrTests;
				PRODUCT_NAME = "$(TARGET_NAME)";
				SWIFT_VERSION = 3.0;
				TEST_HOST = "$(BUILT_PRODUCTS_DIR)/Tumblr.app/Tumblr";
			};
			name = Debug;
		};
		EF2DAE6C1EFAEBB10013D442 /* Release */ = {
			isa = XCBuildConfiguration;
			buildSettings = {
				ALWAYS_EMBED_SWIFT_STANDARD_LIBRARIES = YES;
				BUNDLE_LOADER = "$(TEST_HOST)";
				INFOPLIST_FILE = TumblrTests/Info.plist;
				LD_RUNPATH_SEARCH_PATHS = "$(inherited) @executable_path/Frameworks @loader_path/Frameworks";
				PRODUCT_BUNDLE_IDENTIFIER = com.rey.TumblrTests;
				PRODUCT_NAME = "$(TARGET_NAME)";
				SWIFT_VERSION = 3.0;
				TEST_HOST = "$(BUILT_PRODUCTS_DIR)/Tumblr.app/Tumblr";
			};
			name = Release;
		};
		EF2DAE6E1EFAEBB10013D442 /* Debug */ = {
			isa = XCBuildConfiguration;
			buildSettings = {
				ALWAYS_EMBED_SWIFT_STANDARD_LIBRARIES = YES;
				INFOPLIST_FILE = TumblrUITests/Info.plist;
				LD_RUNPATH_SEARCH_PATHS = "$(inherited) @executable_path/Frameworks @loader_path/Frameworks";
				PRODUCT_BUNDLE_IDENTIFIER = com.rey.TumblrUITests;
				PRODUCT_NAME = "$(TARGET_NAME)";
				SWIFT_VERSION = 3.0;
				TEST_TARGET_NAME = Tumblr;
			};
			name = Debug;
		};
		EF2DAE6F1EFAEBB10013D442 /* Release */ = {
			isa = XCBuildConfiguration;
			buildSettings = {
				ALWAYS_EMBED_SWIFT_STANDARD_LIBRARIES = YES;
				INFOPLIST_FILE = TumblrUITests/Info.plist;
				LD_RUNPATH_SEARCH_PATHS = "$(inherited) @executable_path/Frameworks @loader_path/Frameworks";
				PRODUCT_BUNDLE_IDENTIFIER = com.rey.TumblrUITests;
				PRODUCT_NAME = "$(TARGET_NAME)";
				SWIFT_VERSION = 3.0;
				TEST_TARGET_NAME = Tumblr;
			};
			name = Release;
		};
/* End XCBuildConfiguration section */

/* Begin XCConfigurationList section */
		EF2DAE3A1EFAEBB00013D442 /* Build configuration list for PBXProject "Tumblr" */ = {
			isa = XCConfigurationList;
			buildConfigurations = (
				EF2DAE651EFAEBB10013D442 /* Debug */,
				EF2DAE661EFAEBB10013D442 /* Release */,
			);
			defaultConfigurationIsVisible = 0;
			defaultConfigurationName = Release;
		};
		EF2DAE671EFAEBB10013D442 /* Build configuration list for PBXNativeTarget "Tumblr" */ = {
			isa = XCConfigurationList;
			buildConfigurations = (
				EF2DAE681EFAEBB10013D442 /* Debug */,
				EF2DAE691EFAEBB10013D442 /* Release */,
			);
			defaultConfigurationIsVisible = 0;
		};
		EF2DAE6A1EFAEBB10013D442 /* Build configuration list for PBXNativeTarget "TumblrTests" */ = {
			isa = XCConfigurationList;
			buildConfigurations = (
				EF2DAE6B1EFAEBB10013D442 /* Debug */,
				EF2DAE6C1EFAEBB10013D442 /* Release */,
			);
			defaultConfigurationIsVisible = 0;
		};
		EF2DAE6D1EFAEBB10013D442 /* Build configuration list for PBXNativeTarget "TumblrUITests" */ = {
			isa = XCConfigurationList;
			buildConfigurations = (
				EF2DAE6E1EFAEBB10013D442 /* Debug */,
				EF2DAE6F1EFAEBB10013D442 /* Release */,
			);
			defaultConfigurationIsVisible = 0;
		};
/* End XCConfigurationList section */
	};
	rootObject = EF2DAE371EFAEBB00013D442 /* Project object */;
}
